# THIS IS AN AUTOGENERATED FILE. DO NOT EDIT THIS FILE DIRECTLY.
# yarn lockfile v1


bourbon@4.3.2:
  version "4.3.2"
  resolved "https://registry.yarnpkg.com/bourbon/-/bourbon-4.3.2.tgz#857582bc516243864d6c8db23d5eeea0343db4a6"

normalize.css@4.1.1:
  version "4.1.1"
  resolved "https://registry.yarnpkg.com/normalize.css/-/normalize.css-4.1.1.tgz#4f0b1d5a235383252b04d8566b866cc5fcad9f0c"
